// !$*UTF8*$!
{
	archiveVersion = 1;
	classes = {
	};
	objectVersion = 56;
	objects = {

/* Begin PBXBuildFile section */
		AF4D5A9129EC08FF00216C9C /* RandomUserView1App.swift in Sources */ = {isa = PBXBuildFile; fileRef = AF4D5A9029EC08FF00216C9C /* RandomUserView1App.swift */; };
		AF4D5A9329EC08FF00216C9C /* ContentView.swift in Sources */ = {isa = PBXBuildFile; fileRef = AF4D5A9229EC08FF00216C9C /* ContentView.swift */; };
		AF4D5A9529EC090000216C9C /* Assets.xcassets in Resources */ = {isa = PBXBuildFile; fileRef = AF4D5A9429EC090000216C9C /* Assets.xcassets */; };
		AF4D5A9829EC090000216C9C /* Preview Assets.xcassets in Resources */ = {isa = PBXBuildFile; fileRef = AF4D5A9729EC090000216C9C /* Preview Assets.xcassets */; };
		AF4D5AA029EC092400216C9C /* ProfileImgView.swift in Sources */ = {isa = PBXBuildFile; fileRef = AF4D5A9F29EC092400216C9C /* ProfileImgView.swift */; };
		AF4D5AA329EC098500216C9C /* URLImage in Frameworks */ = {isa = PBXBuildFile; productRef = AF4D5AA229EC098500216C9C /* URLImage */; };
		AF4D5AA529EC0B1B00216C9C /* RandomUserRowView.swift in Sources */ = {isa = PBXBuildFile; fileRef = AF4D5AA429EC0B1B00216C9C /* RandomUserRowView.swift */; };
		AF4D5AA829EC0DAE00216C9C /* Alamofire in Frameworks */ = {isa = PBXBuildFile; productRef = AF4D5AA729EC0DAE00216C9C /* Alamofire */; };
		AF4D5AAB29EC0E6C00216C9C /* RandomUser+ResponseData.swift in Sources */ = {isa = PBXBuildFile; fileRef = AF4D5AAA29EC0E6C00216C9C /* RandomUser+ResponseData.swift */; };
		AF4D5AAD29EC136F00216C9C /* RandomUserViewModel.swift in Sources */ = {isa = PBXBuildFile; fileRef = AF4D5AAC29EC136F00216C9C /* RandomUserViewModel.swift */; };
/* End PBXBuildFile section */

/* Begin PBXFileReference section */
		AF4D5A8D29EC08FF00216C9C /* RandomUserView.app */ = {isa = PBXFileReference; explicitFileType = wrapper.application; includeInIndex = 0; path = RandomUserView.app; sourceTree = BUILT_PRODUCTS_DIR; };
		AF4D5A9029EC08FF00216C9C /* RandomUserView1App.swift */ = {isa = PBXFileReference; lastKnownFileType = sourcecode.swift; path = RandomUserView1App.swift; sourceTree = "<group>"; };
		AF4D5A9229EC08FF00216C9C /* ContentView.swift */ = {isa = PBXFileReference; lastKnownFileType = sourcecode.swift; path = ContentView.swift; sourceTree = "<group>"; };
		AF4D5A9429EC090000216C9C /* Assets.xcassets */ = {isa = PBXFileReference; lastKnownFileType = folder.assetcatalog; path = Assets.xcassets; sourceTree = "<group>"; };
		AF4D5A9729EC090000216C9C /* Preview Assets.xcassets */ = {isa = PBXFileReference; lastKnownFileType = folder.assetcatalog; path = "Preview Assets.xcassets"; sourceTree = "<group>"; };
		AF4D5A9F29EC092400216C9C /* ProfileImgView.swift */ = {isa = PBXFileReference; lastKnownFileType = sourcecode.swift; path = ProfileImgView.swift; sourceTree = "<group>"; };
		AF4D5AA429EC0B1B00216C9C /* RandomUserRowView.swift */ = {isa = PBXFileReference; lastKnownFileType = sourcecode.swift; path = RandomUserRowView.swift; sourceTree = "<group>"; };
		AF4D5AAA29EC0E6C00216C9C /* RandomUser+ResponseData.swift */ = {isa = PBXFileReference; lastKnownFileType = sourcecode.swift; path = "RandomUser+ResponseData.swift"; sourceTree = "<group>"; };
		AF4D5AAC29EC136F00216C9C /* RandomUserViewModel.swift */ = {isa = PBXFileReference; lastKnownFileType = sourcecode.swift; path = RandomUserViewModel.swift; sourceTree = "<group>"; };
/* End PBXFileReference section */

/* Begin PBXFrameworksBuildPhase section */
		AF4D5A8A29EC08FF00216C9C /* Frameworks */ = {
			isa = PBXFrameworksBuildPhase;
			buildActionMask = 2147483647;
			files = (
				AF4D5AA329EC098500216C9C /* URLImage in Frameworks */,
				AF4D5AA829EC0DAE00216C9C /* Alamofire in Frameworks */,
			);
			runOnlyForDeploymentPostprocessing = 0;
		};
/* End PBXFrameworksBuildPhase section */

/* Begin PBXGroup section */
		AF4D5A8429EC08FF00216C9C = {
			isa = PBXGroup;
			children = (
				AF4D5A8F29EC08FF00216C9C /* RandomUserView */,
				AF4D5A8E29EC08FF00216C9C /* Products */,
			);
			sourceTree = "<group>";
		};
		AF4D5A8E29EC08FF00216C9C /* Products */ = {
			isa = PBXGroup;
			children = (
				AF4D5A8D29EC08FF00216C9C /* RandomUserView.app */,
			);
			name = Products;
			sourceTree = "<group>";
		};
		AF4D5A8F29EC08FF00216C9C /* RandomUserView */ = {
			isa = PBXGroup;
			children = (
				AF4D5AA929EC0E4E00216C9C /* Data */,
				AF4D5A9E29EC090600216C9C /* UI */,
				AF4D5A9029EC08FF00216C9C /* RandomUserView1App.swift */,
				AF4D5A9229EC08FF00216C9C /* ContentView.swift */,
				AF4D5A9429EC090000216C9C /* Assets.xcassets */,
				AF4D5A9629EC090000216C9C /* Preview Content */,
			);
			path = RandomUserView;
			sourceTree = "<group>";
		};
		AF4D5A9629EC090000216C9C /* Preview Content */ = {
			isa = PBXGroup;
			children = (
				AF4D5A9729EC090000216C9C /* Preview Assets.xcassets */,
			);
			path = "Preview Content";
			sourceTree = "<group>";
		};
		AF4D5A9E29EC090600216C9C /* UI */ = {
			isa = PBXGroup;
			children = (
				AF4D5A9F29EC092400216C9C /* ProfileImgView.swift */,
				AF4D5AA429EC0B1B00216C9C /* RandomUserRowView.swift */,
			);
			path = UI;
			sourceTree = "<group>";
		};
		AF4D5AA929EC0E4E00216C9C /* Data */ = {
			isa = PBXGroup;
			children = (
				AF4D5AAA29EC0E6C00216C9C /* RandomUser+ResponseData.swift */,
				AF4D5AAC29EC136F00216C9C /* RandomUserViewModel.swift */,
			);
			path = Data;
			sourceTree = "<group>";
		};
/* End PBXGroup section */

/* Begin PBXNativeTarget section */
		AF4D5A8C29EC08FF00216C9C /* RandomUserView */ = {
			isa = PBXNativeTarget;
			buildConfigurationList = AF4D5A9B29EC090000216C9C /* Build configuration list for PBXNativeTarget "RandomUserView" */;
			buildPhases = (
				AF4D5A8929EC08FF00216C9C /* Sources */,
				AF4D5A8A29EC08FF00216C9C /* Frameworks */,
				AF4D5A8B29EC08FF00216C9C /* Resources */,
			);
			buildRules = (
			);
			dependencies = (
			);
			name = RandomUserView;
			packageProductDependencies = (
				AF4D5AA229EC098500216C9C /* URLImage */,
				AF4D5AA729EC0DAE00216C9C /* Alamofire */,
			);
			productName = RandomUserView1;
			productReference = AF4D5A8D29EC08FF00216C9C /* RandomUserView.app */;
			productType = "com.apple.product-type.application";
		};
/* End PBXNativeTarget section */

/* Begin PBXProject section */
		AF4D5A8529EC08FF00216C9C /* Project object */ = {
			isa = PBXProject;
			attributes = {
				BuildIndependentTargetsInParallel = 1;
				LastSwiftUpdateCheck = 1420;
				LastUpgradeCheck = 1420;
				TargetAttributes = {
					AF4D5A8C29EC08FF00216C9C = {
						CreatedOnToolsVersion = 14.2;
					};
				};
			};
			buildConfigurationList = AF4D5A8829EC08FF00216C9C /* Build configuration list for PBXProject "RandomUserView" */;
			compatibilityVersion = "Xcode 14.0";
			developmentRegion = en;
			hasScannedForEncodings = 0;
			knownRegions = (
				en,
				Base,
			);
			mainGroup = AF4D5A8429EC08FF00216C9C;
			packageReferences = (
				AF4D5AA129EC098500216C9C /* XCRemoteSwiftPackageReference "url-image" */,
				AF4D5AA629EC0DAE00216C9C /* XCRemoteSwiftPackageReference "Alamofire" */,
			);
			productRefGroup = AF4D5A8E29EC08FF00216C9C /* Products */;
			projectDirPath = "";
			projectRoot = "";
			targets = (
				AF4D5A8C29EC08FF00216C9C /* RandomUserView */,
			);
		};
/* End PBXProject section */

/* Begin PBXResourcesBuildPhase section */
		AF4D5A8B29EC08FF00216C9C /* Resources */ = {
			isa = PBXResourcesBuildPhase;
			buildActionMask = 2147483647;
			files = (
				AF4D5A9829EC090000216C9C /* Preview Assets.xcassets in Resources */,
				AF4D5A9529EC090000216C9C /* Assets.xcassets in Resources */,
			);
			runOnlyForDeploymentPostprocessing = 0;
		};
/* End PBXResourcesBuildPhase section */

/* Begin PBXSourcesBuildPhase section */
		AF4D5A8929EC08FF00216C9C /* Sources */ = {
			isa = PBXSourcesBuildPhase;
			buildActionMask = 2147483647;
			files = (
				AF4D5A9329EC08FF00216C9C /* ContentView.swift in Sources */,
				AF4D5AA529EC0B1B00216C9C /* RandomUserRowView.swift in Sources */,
				AF4D5AAB29EC0E6C00216C9C /* RandomUser+ResponseData.swift in Sources */,
				AF4D5AA029EC092400216C9C /* ProfileImgView.swift in Sources */,
				AF4D5AAD29EC136F00216C9C /* RandomUserViewModel.swift in Sources */,
				AF4D5A9129EC08FF00216C9C /* RandomUserView1App.swift in Sources */,
			);
			runOnlyForDeploymentPostprocessing = 0;
		};
/* End PBXSourcesBuildPhase section */

/* Begin XCBuildConfiguration section */
		AF4D5A9929EC090000216C9C /* Debug */ = {
			isa = XCBuildConfiguration;
			buildSettings = {
				ALWAYS_SEARCH_USER_PATHS = NO;
				CLANG_ANALYZER_NONNULL = YES;
				CLANG_ANALYZER_NUMBER_OBJECT_CONVERSION = YES_AGGRESSIVE;
				CLANG_CXX_LANGUAGE_STANDARD = "gnu++20";
				CLANG_ENABLE_MODULES = YES;
				CLANG_ENABLE_OBJC_ARC = YES;
				CLANG_ENABLE_OBJC_WEAK = YES;
				CLANG_WARN_BLOCK_CAPTURE_AUTORELEASING = YES;
				CLANG_WARN_BOOL_CONVERSION = YES;
				CLANG_WARN_COMMA = YES;
				CLANG_WARN_CONSTANT_CONVERSION = YES;
				CLANG_WARN_DEPRECATED_OBJC_IMPLEMENTATIONS = YES;
				CLANG_WARN_DIRECT_OBJC_ISA_USAGE = YES_ERROR;
				CLANG_WARN_DOCUMENTATION_COMMENTS = YES;
				CLANG_WARN_EMPTY_BODY = YES;
				CLANG_WARN_ENUM_CONVERSION = YES;
				CLANG_WARN_INFINITE_RECURSION = YES;
				CLANG_WARN_INT_CONVERSION = YES;
				CLANG_WARN_NON_LITERAL_NULL_CONVERSION = YES;
				CLANG_WARN_OBJC_IMPLICIT_RETAIN_SELF = YES;
				CLANG_WARN_OBJC_LITERAL_CONVERSION = YES;
				CLANG_WARN_OBJC_ROOT_CLASS = YES_ERROR;
				CLANG_WARN_QUOTED_INCLUDE_IN_FRAMEWORK_HEADER = YES;
				CLANG_WARN_RANGE_LOOP_ANALYSIS = YES;
				CLANG_WARN_STRICT_PROTOTYPES = YES;
				CLANG_WARN_SUSPICIOUS_MOVE = YES;
				CLANG_WARN_UNGUARDED_AVAILABILITY = YES_AGGRESSIVE;
				CLANG_WARN_UNREACHABLE_CODE = YES;
				CLANG_WARN__DUPLICATE_METHOD_MATCH = YES;
				COPY_PHASE_STRIP = NO;
				DEBUG_INFORMATION_FORMAT = dwarf;
				ENABLE_STRICT_OBJC_MSGSEND = YES;
				ENABLE_TESTABILITY = YES;
				GCC_C_LANGUAGE_STANDARD = gnu11;
				GCC_DYNAMIC_NO_PIC = NO;
				GCC_NO_COMMON_BLOCKS = YES;
				GCC_OPTIMIZATION_LEVEL = 0;
				GCC_PREPROCESSOR_DEFINITIONS = (
					"DEBUG=1",
					"$(inherited)",
				);
				GCC_WARN_64_TO_32_BIT_CONVERSION = YES;
				GCC_WARN_ABOUT_RETURN_TYPE = YES_ERROR;
				GCC_WARN_UNDECLARED_SELECTOR = YES;
				GCC_WARN_UNINITIALIZED_AUTOS = YES_AGGRESSIVE;
				GCC_WARN_UNUSED_FUNCTION = YES;
				GCC_WARN_UNUSED_VARIABLE = YES;
				IPHONEOS_DEPLOYMENT_TARGET = 16.2;
				MTL_ENABLE_DEBUG_INFO = INCLUDE_SOURCE;
				MTL_FAST_MATH = YES;
				ONLY_ACTIVE_ARCH = YES;
				SDKROOT = iphoneos;
				SWIFT_ACTIVE_COMPILATION_CONDITIONS = DEBUG;
				SWIFT_OPTIMIZATION_LEVEL = "-Onone";
			};
			name = Debug;
		};
		AF4D5A9A29EC090000216C9C /* Release */ = {
			isa = XCBuildConfiguration;
			buildSettings = {
				ALWAYS_SEARCH_USER_PATHS = NO;
				CLANG_ANALYZER_NONNULL = YES;
				CLANG_ANALYZER_NUMBER_OBJECT_CONVERSION = YES_AGGRESSIVE;
				CLANG_CXX_LANGUAGE_STANDARD = "gnu++20";
				CLANG_ENABLE_MODULES = YES;
				CLANG_ENABLE_OBJC_ARC = YES;
				CLANG_ENABLE_OBJC_WEAK = YES;
				CLANG_WARN_BLOCK_CAPTURE_AUTORELEASING = YES;
				CLANG_WARN_BOOL_CONVERSION = YES;
				CLANG_WARN_COMMA = YES;
				CLANG_WARN_CONSTANT_CONVERSION = YES;
				CLANG_WARN_DEPRECATED_OBJC_IMPLEMENTATIONS = YES;
				CLANG_WARN_DIRECT_OBJC_ISA_USAGE = YES_ERROR;
				CLANG_WARN_DOCUMENTATION_COMMENTS = YES;
				CLANG_WARN_EMPTY_BODY = YES;
				CLANG_WARN_ENUM_CONVERSION = YES;
				CLANG_WARN_INFINITE_RECURSION = YES;
				CLANG_WARN_INT_CONVERSION = YES;
				CLANG_WARN_NON_LITERAL_NULL_CONVERSION = YES;
				CLANG_WARN_OBJC_IMPLICIT_RETAIN_SELF = YES;
				CLANG_WARN_OBJC_LITERAL_CONVERSION = YES;
				CLANG_WARN_OBJC_ROOT_CLASS = YES_ERROR;
				CLANG_WARN_QUOTED_INCLUDE_IN_FRAMEWORK_HEADER = YES;
				CLANG_WARN_RANGE_LOOP_ANALYSIS = YES;
				CLANG_WARN_STRICT_PROTOTYPES = YES;
				CLANG_WARN_SUSPICIOUS_MOVE = YES;
				CLANG_WARN_UNGUARDED_AVAILABILITY = YES_AGGRESSIVE;
				CLANG_WARN_UNREACHABLE_CODE = YES;
				CLANG_WARN__DUPLICATE_METHOD_MATCH = YES;
				COPY_PHASE_STRIP = NO;
				DEBUG_INFORMATION_FORMAT = "dwarf-with-dsym";
				ENABLE_NS_ASSERTIONS = NO;
				ENABLE_STRICT_OBJC_MSGSEND = YES;
				GCC_C_LANGUAGE_STANDARD = gnu11;
				GCC_NO_COMMON_BLOCKS = YES;
				GCC_WARN_64_TO_32_BIT_CONVERSION = YES;
				GCC_WARN_ABOUT_RETURN_TYPE = YES_ERROR;
				GCC_WARN_UNDECLARED_SELECTOR = YES;
				GCC_WARN_UNINITIALIZED_AUTOS = YES_AGGRESSIVE;
				GCC_WARN_UNUSED_FUNCTION = YES;
				GCC_WARN_UNUSED_VARIABLE = YES;
				IPHONEOS_DEPLOYMENT_TARGET = 16.2;
				MTL_ENABLE_DEBUG_INFO = NO;
				MTL_FAST_MATH = YES;
				SDKROOT = iphoneos;
				SWIFT_COMPILATION_MODE = wholemodule;
				SWIFT_OPTIMIZATION_LEVEL = "-O";
				VALIDATE_PRODUCT = YES;
			};
			name = Release;
		};
		AF4D5A9C29EC090000216C9C /* Debug */ = {
			isa = XCBuildConfiguration;
			buildSettings = {
				ASSETCATALOG_COMPILER_APPICON_NAME = AppIcon;
				ASSETCATALOG_COMPILER_GLOBAL_ACCENT_COLOR_NAME = AccentColor;
				CODE_SIGN_STYLE = Automatic;
				CURRENT_PROJECT_VERSION = 1;
				DEVELOPMENT_ASSET_PATHS = "\"RandomUserView/Preview Content\"";
				ENABLE_PREVIEWS = YES;
				GENERATE_INFOPLIST_FILE = YES;
				INFOPLIST_KEY_UIApplicationSceneManifest_Generation = YES;
				INFOPLIST_KEY_UIApplicationSupportsIndirectInputEvents = YES;
				INFOPLIST_KEY_UILaunchScreen_Generation = YES;
				INFOPLIST_KEY_UISupportedInterfaceOrientations_iPad = "UIInterfaceOrientationPortrait UIInterfaceOrientationPortraitUpsideDown UIInterfaceOrientationLandscapeLeft UIInterfaceOrientationLandscapeRight";
				INFOPLIST_KEY_UISupportedInterfaceOrientations_iPhone = "UIInterfaceOrientationPortrait UIInterfaceOrientationLandscapeLeft UIInterfaceOrientationLandscapeRight";
				LD_RUNPATH_SEARCH_PATHS = (
					"$(inherited)",
					"@executable_path/Frameworks",
				);
				MARKETING_VERSION = 1.0;
				PRODUCT_BUNDLE_IDENTIFIER = com.Dalhyun.RandomUserView1;
				PRODUCT_NAME = "$(TARGET_NAME)";
				SWIFT_EMIT_LOC_STRINGS = YES;
				SWIFT_VERSION = 5.0;
				TARGETED_DEVICE_FAMILY = "1,2";
			};
			name = Debug;
		};
		AF4D5A9D29EC090000216C9C /* Release */ = {
			isa = XCBuildConfiguration;
			buildSettings = {
				ASSETCATALOG_COMPILER_APPICON_NAME = AppIcon;
				ASSETCATALOG_COMPILER_GLOBAL_ACCENT_COLOR_NAME = AccentColor;
				CODE_SIGN_STYLE = Automatic;
				CURRENT_PROJECT_VERSION = 1;
				DEVELOPMENT_ASSET_PATHS = "\"RandomUserView/Preview Content\"";
				ENABLE_PREVIEWS = YES;
				GENERATE_INFOPLIST_FILE = YES;
				INFOPLIST_KEY_UIApplicationSceneManifest_Generation = YES;
				INFOPLIST_KEY_UIApplicationSupportsIndirectInputEvents = YES;
				INFOPLIST_KEY_UILaunchScreen_Generation = YES;
				INFOPLIST_KEY_UISupportedInterfaceOrientations_iPad = "UIInterfaceOrientationPortrait UIInterfaceOrientationPortraitUpsideDown UIInterfaceOrientationLandscapeLeft UIInterfaceOrientationLandscapeRight";
				INFOPLIST_KEY_UISupportedInterfaceOrientations_iPhone = "UIInterfaceOrientationPortrait UIInterfaceOrientationLandscapeLeft UIInterfaceOrientationLandscapeRight";
				LD_RUNPATH_SEARCH_PATHS = (
					"$(inherited)",
					"@executable_path/Frameworks",
				);
				MARKETING_VERSION = 1.0;
				PRODUCT_BUNDLE_IDENTIFIER = com.Dalhyun.RandomUserView1;
				PRODUCT_NAME = "$(TARGET_NAME)";
				SWIFT_EMIT_LOC_STRINGS = YES;
				SWIFT_VERSION = 5.0;
				TARGETED_DEVICE_FAMILY = "1,2";
			};
			name = Release;
		};
/* End XCBuildConfiguration section */

/* Begin XCConfigurationList section */
		AF4D5A8829EC08FF00216C9C /* Build configuration list for PBXProject "RandomUserView" */ = {
			isa = XCConfigurationList;
			buildConfigurations = (
				AF4D5A9929EC090000216C9C /* Debug */,
				AF4D5A9A29EC090000216C9C /* Release */,
			);
			defaultConfigurationIsVisible = 0;
			defaultConfigurationName = Release;
		};
		AF4D5A9B29EC090000216C9C /* Build configuration list for PBXNativeTarget "RandomUserView" */ = {
			isa = XCConfigurationList;
			buildConfigurations = (
				AF4D5A9C29EC090000216C9C /* Debug */,
				AF4D5A9D29EC090000216C9C /* Release */,
			);
			defaultConfigurationIsVisible = 0;
			defaultConfigurationName = Release;
		};
/* End XCConfigurationList section */

/* Begin XCRemoteSwiftPackageReference section */
		AF4D5AA129EC098500216C9C /* XCRemoteSwiftPackageReference "url-image" */ = {
			isa = XCRemoteSwiftPackageReference;
			repositoryURL = "https://github.com/dmytro-anokhin/url-image";
			requirement = {
				branch = main;
				kind = branch;
			};
		};
		AF4D5AA629EC0DAE00216C9C /* XCRemoteSwiftPackageReference "Alamofire" */ = {
			isa = XCRemoteSwiftPackageReference;
			repositoryURL = "https://github.com/Alamofire/Alamofire.git";
			requirement = {
				kind = upToNextMajorVersion;
				minimumVersion = 5.0.0;
			};
		};
/* End XCRemoteSwiftPackageReference section */

/* Begin XCSwiftPackageProductDependency section */
		AF4D5AA229EC098500216C9C /* URLImage */ = {
			isa = XCSwiftPackageProductDependency;
			package = AF4D5AA129EC098500216C9C /* XCRemoteSwiftPackageReference "url-image" */;
			productName = URLImage;
		};
		AF4D5AA729EC0DAE00216C9C /* Alamofire */ = {
			isa = XCSwiftPackageProductDependency;
			package = AF4D5AA629EC0DAE00216C9C /* XCRemoteSwiftPackageReference "Alamofire" */;
			productName = Alamofire;
		};
/* End XCSwiftPackageProductDependency section */
	};
	rootObject = AF4D5A8529EC08FF00216C9C /* Project object */;
}
